
Microsoft Visual Studio Solution File, Format Version 12.00
# Visual Studio 14
VisualStudioVersion = 14.0.25420.1
MinimumVisualStudioVersion = 10.0.40219.1
Project("{2150E333-8FDC-42A3-9474-1A3956D46DE8}") = "Engine", "Engine", "{EA2AD511-19BC-4808-BFB7-DFA6020857B2}"
EndProject
Project("{2150E333-8FDC-42A3-9474-1A3956D46DE8}") = "Games", "Games", "{218A1CA4-6AF5-480D-9CE0-6CDE0631C64D}"
EndProject
Project("{8BC9CEB8-8B4A-11D0-8D11-00A0C91BC942}") = "UE4", "Intermediate\ProjectFiles\UE4.vcxproj", "{15DEDEC6-31DE-4F4A-B3ED-23C7F8076470}"
EndProject
Project("{8BC9CEB8-8B4A-11D0-8D11-00A0C91BC942}") = "Chunkstruction", "Intermediate\ProjectFiles\Chunkstruction.vcxproj", "{AE472FB9-51B4-4FDA-8F4E-0F876B99F025}"
EndProject
Global
	GlobalSection(SolutionConfigurationPlatforms) = preSolution
		DebugGame Editor|Win32 = DebugGame Editor|Win32
		DebugGame Editor|Win64 = DebugGame Editor|Win64
		DebugGame|Win32 = DebugGame|Win32
		DebugGame|Win64 = DebugGame|Win64
		Development Editor|Win32 = Development Editor|Win32
		Development Editor|Win64 = Development Editor|Win64
		Development|Win32 = Development|Win32
		Development|Win64 = Development|Win64
		Shipping|Win32 = Shipping|Win32
		Shipping|Win64 = Shipping|Win64
	EndGlobalSection
	GlobalSection(ProjectConfigurationPlatforms) = postSolution
		{15DEDEC6-31DE-4F4A-B3ED-23C7F8076470}.DebugGame Editor|Win32.ActiveCfg = BuiltWithUnrealBuildTool|Win32
		{15DEDEC6-31DE-4F4A-B3ED-23C7F8076470}.DebugGame Editor|Win32.Build.0 = BuiltWithUnrealBuildTool|Win32
		{15DEDEC6-31DE-4F4A-B3ED-23C7F8076470}.DebugGame Editor|Win64.ActiveCfg = BuiltWithUnrealBuildTool|Win32
		{15DEDEC6-31DE-4F4A-B3ED-23C7F8076470}.DebugGame Editor|Win64.Build.0 = BuiltWithUnrealBuildTool|Win32
		{15DEDEC6-31DE-4F4A-B3ED-23C7F8076470}.DebugGame|Win32.ActiveCfg = BuiltWithUnrealBuildTool|Win32
		{15DEDEC6-31DE-4F4A-B3ED-23C7F8076470}.DebugGame|Win32.Build.0 = BuiltWithUnrealBuildTool|Win32
		{15DEDEC6-31DE-4F4A-B3ED-23C7F8076470}.DebugGame|Win64.ActiveCfg = BuiltWithUnrealBuildTool|Win32
		{15DEDEC6-31DE-4F4A-B3ED-23C7F8076470}.DebugGame|Win64.Build.0 = BuiltWithUnrealBuildTool|Win32
		{15DEDEC6-31DE-4F4A-B3ED-23C7F8076470}.Development Editor|Win32.ActiveCfg = BuiltWithUnrealBuildTool|Win32
		{15DEDEC6-31DE-4F4A-B3ED-23C7F8076470}.Development Editor|Win32.Build.0 = BuiltWithUnrealBuildTool|Win32
		{15DEDEC6-31DE-4F4A-B3ED-23C7F8076470}.Development Editor|Win64.ActiveCfg = BuiltWithUnrealBuildTool|Win32
		{15DEDEC6-31DE-4F4A-B3ED-23C7F8076470}.Development Editor|Win64.Build.0 = BuiltWithUnrealBuildTool|Win32
		{15DEDEC6-31DE-4F4A-B3ED-23C7F8076470}.Development|Win32.ActiveCfg = BuiltWithUnrealBuildTool|Win32
		{15DEDEC6-31DE-4F4A-B3ED-23C7F8076470}.Development|Win32.Build.0 = BuiltWithUnrealBuildTool|Win32
		{15DEDEC6-31DE-4F4A-B3ED-23C7F8076470}.Development|Win64.ActiveCfg = BuiltWithUnrealBuildTool|Win32
		{15DEDEC6-31DE-4F4A-B3ED-23C7F8076470}.Development|Win64.Build.0 = BuiltWithUnrealBuildTool|Win32
		{15DEDEC6-31DE-4F4A-B3ED-23C7F8076470}.Shipping|Win32.ActiveCfg = BuiltWithUnrealBuildTool|Win32
		{15DEDEC6-31DE-4F4A-B3ED-23C7F8076470}.Shipping|Win32.Build.0 = BuiltWithUnrealBuildTool|Win32
		{15DEDEC6-31DE-4F4A-B3ED-23C7F8076470}.Shipping|Win64.ActiveCfg = BuiltWithUnrealBuildTool|Win32
		{15DEDEC6-31DE-4F4A-B3ED-23C7F8076470}.Shipping|Win64.Build.0 = BuiltWithUnrealBuildTool|Win32
		{AE472FB9-51B4-4FDA-8F4E-0F876B99F025}.DebugGame Editor|Win32.ActiveCfg = DebugGame_Editor|Win32
		{AE472FB9-51B4-4FDA-8F4E-0F876B99F025}.DebugGame Editor|Win64.ActiveCfg = DebugGame_Editor|x64
		{AE472FB9-51B4-4FDA-8F4E-0F876B99F025}.DebugGame Editor|Win64.Build.0 = DebugGame_Editor|x64
		{AE472FB9-51B4-4FDA-8F4E-0F876B99F025}.DebugGame|Win32.ActiveCfg = DebugGame_Game|Win32
		{AE472FB9-51B4-4FDA-8F4E-0F876B99F025}.DebugGame|Win32.Build.0 = DebugGame_Game|Win32
		{AE472FB9-51B4-4FDA-8F4E-0F876B99F025}.DebugGame|Win64.ActiveCfg = DebugGame_Game|x64
		{AE472FB9-51B4-4FDA-8F4E-0F876B99F025}.DebugGame|Win64.Build.0 = DebugGame_Game|x64
		{AE472FB9-51B4-4FDA-8F4E-0F876B99F025}.Development Editor|Win32.ActiveCfg = Development_Editor|Win32
		{AE472FB9-51B4-4FDA-8F4E-0F876B99F025}.Development Editor|Win64.ActiveCfg = Development_Editor|x64
		{AE472FB9-51B4-4FDA-8F4E-0F876B99F025}.Development Editor|Win64.Build.0 = Development_Editor|x64
		{AE472FB9-51B4-4FDA-8F4E-0F876B99F025}.Development|Win32.ActiveCfg = Development_Game|Win32
		{AE472FB9-51B4-4FDA-8F4E-0F876B99F025}.Development|Win32.Build.0 = Development_Game|Win32
		{AE472FB9-51B4-4FDA-8F4E-0F876B99F025}.Development|Win64.ActiveCfg = Development_Game|x64
		{AE472FB9-51B4-4FDA-8F4E-0F876B99F025}.Development|Win64.Build.0 = Development_Game|x64
		{AE472FB9-51B4-4FDA-8F4E-0F876B99F025}.Shipping|Win32.ActiveCfg = Shipping_Game|Win32
		{AE472FB9-51B4-4FDA-8F4E-0F876B99F025}.Shipping|Win32.Build.0 = Shipping_Game|Win32
		{AE472FB9-51B4-4FDA-8F4E-0F876B99F025}.Shipping|Win64.ActiveCfg = Shipping_Game|x64
		{AE472FB9-51B4-4FDA-8F4E-0F876B99F025}.Shipping|Win64.Build.0 = Shipping_Game|x64
	EndGlobalSection
	GlobalSection(SolutionProperties) = preSolution
		HideSolutionNode = FALSE
	EndGlobalSection
	GlobalSection(NestedProjects) = preSolution
		{15DEDEC6-31DE-4F4A-B3ED-23C7F8076470} = {EA2AD511-19BC-4808-BFB7-DFA6020857B2}
		{AE472FB9-51B4-4FDA-8F4E-0F876B99F025} = {218A1CA4-6AF5-480D-9CE0-6CDE0631C64D}
	EndGlobalSection
EndGlobal
